
Microsoft Visual Studio Solution File, Format Version 12.00
# Visual Studio Version 18
VisualStudioVersion = 18.6.11806.211 stable
MinimumVisualStudioVersion = 10.0.40219.1
Project("{FAE04EC0-301F-11D3-BF4B-00C04F79EFBC}") = "Ejercicio2_Las_niñas", "Ejercicio2\Ejercicio2_Las_niñas.csproj", "{8783A99B-1C32-4833-8AC9-42A34ADEB62C}"
EndProject
Project("{FAE04EC0-301F-11D3-BF4B-00C04F79EFBC}") = "Ejercicio1_metodos_static", "Ejercicio1\Ejercicio1_metodos_static.csproj", "{2788F548-C1F1-477E-A797-6C1AFA7DEB78}"
EndProject
Project("{FAE04EC0-301F-11D3-BF4B-00C04F79EFBC}") = "Ejercicio3_Lista_ordenada", "Ejercicio3\Ejercicio3_Lista_ordenada.csproj", "{B3AFBE6A-773A-FD85-3395-A464BA3E4E4A}"
EndProject
Project("{FAE04EC0-301F-11D3-BF4B-00C04F79EFBC}") = "Ejercicio4_Tenis", "Ejercicio4\Ejercicio4_Tenis.csproj", "{7354B0DB-69D4-7E97-19B4-C6B8B368900E}"
EndProject
Project("{FAE04EC0-301F-11D3-BF4B-00C04F79EFBC}") = "Ejercicio5_Bisiesto", "Ejercicio5\Ejercicio5_Bisiesto.csproj", "{B7A6C7B1-2DC7-E4A9-EDE1-3F803EBB1C2B}"
EndProject
Project("{FAE04EC0-301F-11D3-BF4B-00C04F79EFBC}") = "Ejercicio6_Encuesta", "Ejercicio6\Ejercicio6_Encuesta.csproj", "{BA69B57C-5334-D90E-BBD6-0716A64E75BA}"
EndProject
Project("{FAE04EC0-301F-11D3-BF4B-00C04F79EFBC}") = "Ejercicio7_Rubros", "Ejercicio7\Ejercicio7_Rubros.csproj", "{4E65C501-8428-F342-12E8-F5B74C1C466B}"
EndProject
Project("{2150E333-8FDC-42A3-9474-1A3956D46DE8}") = "Ejercicio1_", "Ejercicio1_", "{02EA681E-C7D8-13C7-8484-4AC65E1B71E8}"
EndProject
Project("{FAE04EC0-301F-11D3-BF4B-00C04F79EFBC}") = "Ejercicio1_todoEnMain", "Ejercicio1_procedimental\Ejercicio1_todoEnMain.csproj", "{69613377-B611-CF6D-9929-0A5087449867}"
EndProject
Global
	GlobalSection(SolutionConfigurationPlatforms) = preSolution
		Debug|Any CPU = Debug|Any CPU
		Release|Any CPU = Release|Any CPU
	EndGlobalSection
	GlobalSection(ProjectConfigurationPlatforms) = postSolution
		{8783A99B-1C32-4833-8AC9-42A34ADEB62C}.Debug|Any CPU.ActiveCfg = Debug|Any CPU
		{8783A99B-1C32-4833-8AC9-42A34ADEB62C}.Debug|Any CPU.Build.0 = Debug|Any CPU
		{8783A99B-1C32-4833-8AC9-42A34ADEB62C}.Release|Any CPU.ActiveCfg = Release|Any CPU
		{8783A99B-1C32-4833-8AC9-42A34ADEB62C}.Release|Any CPU.Build.0 = Release|Any CPU
		{2788F548-C1F1-477E-A797-6C1AFA7DEB78}.Debug|Any CPU.ActiveCfg = Debug|Any CPU
		{2788F548-C1F1-477E-A797-6C1AFA7DEB78}.Debug|Any CPU.Build.0 = Debug|Any CPU
		{2788F548-C1F1-477E-A797-6C1AFA7DEB78}.Release|Any CPU.ActiveCfg = Release|Any CPU
		{2788F548-C1F1-477E-A797-6C1AFA7DEB78}.Release|Any CPU.Build.0 = Release|Any CPU
		{B3AFBE6A-773A-FD85-3395-A464BA3E4E4A}.Debug|Any CPU.ActiveCfg = Debug|Any CPU
		{B3AFBE6A-773A-FD85-3395-A464BA3E4E4A}.Debug|Any CPU.Build.0 = Debug|Any CPU
		{B3AFBE6A-773A-FD85-3395-A464BA3E4E4A}.Release|Any CPU.ActiveCfg = Release|Any CPU
		{B3AFBE6A-773A-FD85-3395-A464BA3E4E4A}.Release|Any CPU.Build.0 = Release|Any CPU
		{7354B0DB-69D4-7E97-19B4-C6B8B368900E}.Debug|Any CPU.ActiveCfg = Debug|Any CPU
		{7354B0DB-69D4-7E97-19B4-C6B8B368900E}.Debug|Any CPU.Build.0 = Debug|Any CPU
		{7354B0DB-69D4-7E97-19B4-C6B8B368900E}.Release|Any CPU.ActiveCfg = Release|Any CPU
		{7354B0DB-69D4-7E97-19B4-C6B8B368900E}.Release|Any CPU.Build.0 = Release|Any CPU
		{B7A6C7B1-2DC7-E4A9-EDE1-3F803EBB1C2B}.Debug|Any CPU.ActiveCfg = Debug|Any CPU
		{B7A6C7B1-2DC7-E4A9-EDE1-3F803EBB1C2B}.Debug|Any CPU.Build.0 = Debug|Any CPU
		{B7A6C7B1-2DC7-E4A9-EDE1-3F803EBB1C2B}.Release|Any CPU.ActiveCfg = Release|Any CPU
		{B7A6C7B1-2DC7-E4A9-EDE1-3F803EBB1C2B}.Release|Any CPU.Build.0 = Release|Any CPU
		{BA69B57C-5334-D90E-BBD6-0716A64E75BA}.Debug|Any CPU.ActiveCfg = Debug|Any CPU
		{BA69B57C-5334-D90E-BBD6-0716A64E75BA}.Debug|Any CPU.Build.0 = Debug|Any CPU
		{BA69B57C-5334-D90E-BBD6-0716A64E75BA}.Release|Any CPU.ActiveCfg = Release|Any CPU
		{BA69B57C-5334-D90E-BBD6-0716A64E75BA}.Release|Any CPU.Build.0 = Release|Any CPU
		{4E65C501-8428-F342-12E8-F5B74C1C466B}.Debug|Any CPU.ActiveCfg = Debug|Any CPU
		{4E65C501-8428-F342-12E8-F5B74C1C466B}.Debug|Any CPU.Build.0 = Debug|Any CPU
		{4E65C501-8428-F342-12E8-F5B74C1C466B}.Release|Any CPU.ActiveCfg = Release|Any CPU
		{4E65C501-8428-F342-12E8-F5B74C1C466B}.Release|Any CPU.Build.0 = Release|Any CPU
		{69613377-B611-CF6D-9929-0A5087449867}.Debug|Any CPU.ActiveCfg = Debug|Any CPU
		{69613377-B611-CF6D-9929-0A5087449867}.Debug|Any CPU.Build.0 = Debug|Any CPU
		{69613377-B611-CF6D-9929-0A5087449867}.Release|Any CPU.ActiveCfg = Release|Any CPU
		{69613377-B611-CF6D-9929-0A5087449867}.Release|Any CPU.Build.0 = Release|Any CPU
	EndGlobalSection
	GlobalSection(SolutionProperties) = preSolution
		HideSolutionNode = FALSE
	EndGlobalSection
	GlobalSection(NestedProjects) = preSolution
		{2788F548-C1F1-477E-A797-6C1AFA7DEB78} = {02EA681E-C7D8-13C7-8484-4AC65E1B71E8}
		{69613377-B611-CF6D-9929-0A5087449867} = {02EA681E-C7D8-13C7-8484-4AC65E1B71E8}
	EndGlobalSection
	GlobalSection(ExtensibilityGlobals) = postSolution
		SolutionGuid = {87C3F63D-CFE5-48C2-9838-3D3E3EC78C1D}
	EndGlobalSection
EndGlobal
